
Microsoft Visual Studio Solution File, Format Version 12.00
# Visual Studio Version 17
VisualStudioVersion = 17.0.32112.339
MinimumVisualStudioVersion = 10.0.40219.1
Project("{FAE04EC0-301F-11D3-BF4B-00C04F79EFBC}") = "labor3", "labor3\labor3.csproj", "{44A32B0B-D954-4E12-AAFA-20F18616CE0C}"
EndProject
Global
	GlobalSection(SolutionConfigurationPlatforms) = preSolution
		Debug|Any CPU = Debug|Any CPU
		Release|Any CPU = Release|Any CPU
	EndGlobalSection
	GlobalSection(ProjectConfigurationPlatforms) = postSolution
		{44A32B0B-D954-4E12-AAFA-20F18616CE0C}.Debug|Any CPU.ActiveCfg = Debug|Any CPU
		{44A32B0B-D954-4E12-AAFA-20F18616CE0C}.Debug|Any CPU.Build.0 = Debug|Any CPU
		{44A32B0B-D954-4E12-AAFA-20F18616CE0C}.Release|Any CPU.ActiveCfg = Release|Any CPU
		{44A32B0B-D954-4E12-AAFA-20F18616CE0C}.Release|Any CPU.Build.0 = Release|Any CPU
	EndGlobalSection
	GlobalSection(SolutionProperties) = preSolution
		HideSolutionNode = FALSE
	EndGlobalSection
	GlobalSection(ExtensibilityGlobals) = postSolution
		SolutionGuid = {49A611B6-0898-4B0F-A0AF-4743FAFB4099}
	EndGlobalSection
EndGlobal
